{
    "name": "lang-tools",
    "version": "0.0.8",
    "lockfileVersion": 2,
    "requires": true,
    "packages": {
        "": {
            "name": "lang-tools",
            "version": "0.0.8",
            "license": "MIT",
            "dependencies": {
                "lang-mini": "0.0.23"
            },
            "engines": {
                "node": ">=9.0.0"
            }
        },
        "node_modules/lang-mini": {
            "version": "0.0.23",
            "resolved": "https://registry.npmjs.org/lang-mini/-/lang-mini-0.0.23.tgz",
            "integrity": "sha512-56PaY4OIWK2oJfzq9otbbpZ5jSyGa02CUfQ+wBlSyNdBHICjCuNq8su8U18eLZ3EmbXkE04VOjqNL6izamqXbA==",
            "engines": {
                "node": ">=9.0.0"
            }
        }
    },
    "dependencies": {
        "lang-mini": {
            "version": "0.0.23",
            "resolved": "https://registry.npmjs.org/lang-mini/-/lang-mini-0.0.23.tgz",
            "integrity": "sha512-56PaY4OIWK2oJfzq9otbbpZ5jSyGa02CUfQ+wBlSyNdBHICjCuNq8su8U18eLZ3EmbXkE04VOjqNL6izamqXbA=="
        }
    }
}
