{
    "name": "lang-tools",
    "version": "0.0.9",
    "lockfileVersion": 2,
    "requires": true,
    "packages": {
        "": {
            "name": "lang-tools",
            "version": "0.0.9",
            "license": "MIT",
            "dependencies": {
                "fnl": "^0.0.21",
                "lang-mini": "0.0.24"
            },
            "engines": {
                "node": ">=9.0.0"
            }
        },
        "node_modules/fnl": {
            "version": "0.0.21",
            "resolved": "https://registry.npmjs.org/fnl/-/fnl-0.0.21.tgz",
            "integrity": "sha512-5NPdgQ5pQ0WvaUJrrRNunEV9UQnnbIJFj7VnnRWIrg3WYKR8sZ+tbG1ofC5b0lVTuOmF3G+voKAbpgwEkqUgoQ==",
            "dependencies": {
                "lang-mini": "^0.0.24"
            },
            "engines": {
                "node": ">=12.0.0"
            }
        },
        "node_modules/lang-mini": {
            "version": "0.0.24",
            "resolved": "https://registry.npmjs.org/lang-mini/-/lang-mini-0.0.24.tgz",
            "integrity": "sha512-wFWjDumyteZIisYTv7+9oyFbk02gxgR2mjCBL+07nukYG+FbfFZk17rqWgp76wBIQDh7DtXKiuEJPHne1tW7xg==",
            "engines": {
                "node": ">=9.0.0"
            }
        }
    },
    "dependencies": {
        "fnl": {
            "version": "0.0.21",
            "resolved": "https://registry.npmjs.org/fnl/-/fnl-0.0.21.tgz",
            "integrity": "sha512-5NPdgQ5pQ0WvaUJrrRNunEV9UQnnbIJFj7VnnRWIrg3WYKR8sZ+tbG1ofC5b0lVTuOmF3G+voKAbpgwEkqUgoQ==",
            "requires": {
                "lang-mini": "^0.0.24"
            }
        },
        "lang-mini": {
            "version": "0.0.24",
            "resolved": "https://registry.npmjs.org/lang-mini/-/lang-mini-0.0.24.tgz",
            "integrity": "sha512-wFWjDumyteZIisYTv7+9oyFbk02gxgR2mjCBL+07nukYG+FbfFZk17rqWgp76wBIQDh7DtXKiuEJPHne1tW7xg=="
        }
    }
}
