{
    "name": "lang-tools",
    "version": "0.0.36",
    "lockfileVersion": 2,
    "requires": true,
    "packages": {
        "": {
            "name": "lang-tools",
            "version": "0.0.36",
            "license": "MIT",
            "dependencies": {
                "fnl": "^0.0.36",
                "lang-mini": "0.0.39"
            },
            "engines": {
                "node": ">=12.0.0"
            }
        },
        "node_modules/fnl": {
            "version": "0.0.36",
            "resolved": "https://registry.npmjs.org/fnl/-/fnl-0.0.36.tgz",
            "integrity": "sha512-FrCyMrGLs7/DXxSzsGsTJhzeLwCdJSwL0WJyFR3HHwDaXJfva2CA1LTWOsMmgGQvEOXLjfRyhY03NIEE+Wx1iw==",
            "license": "MIT",
            "dependencies": {
                "lang-mini": "^0.0.39"
            },
            "engines": {
                "node": ">=12.0.0"
            }
        },
        "node_modules/lang-mini": {
            "version": "0.0.39",
            "resolved": "https://registry.npmjs.org/lang-mini/-/lang-mini-0.0.39.tgz",
            "integrity": "sha512-aZXWg2H/NhtqqwHvBYOxAbqH/k/L2ovaOwEPIs8SGdia9QpDtt77wyYTF1UpB0Cwz/aulHX1NiGmMqCeuV2ZPA==",
            "license": "MIT",
            "engines": {
                "node": ">=15.0.0"
            }
        }
    },
    "dependencies": {
        "fnl": {
            "version": "0.0.36",
            "resolved": "https://registry.npmjs.org/fnl/-/fnl-0.0.36.tgz",
            "integrity": "sha512-FrCyMrGLs7/DXxSzsGsTJhzeLwCdJSwL0WJyFR3HHwDaXJfva2CA1LTWOsMmgGQvEOXLjfRyhY03NIEE+Wx1iw==",
            "requires": {
                "lang-mini": "^0.0.39"
            }
        },
        "lang-mini": {
            "version": "0.0.39",
            "resolved": "https://registry.npmjs.org/lang-mini/-/lang-mini-0.0.39.tgz",
            "integrity": "sha512-aZXWg2H/NhtqqwHvBYOxAbqH/k/L2ovaOwEPIs8SGdia9QpDtt77wyYTF1UpB0Cwz/aulHX1NiGmMqCeuV2ZPA=="
        }
    }
}
